// !$*UTF8*$!
{
	archiveVersion = 1;
	classes = {
	};
	objectVersion = 55;
	objects = {

/* Begin PBXBuildFile section */
		7717BBA02A0A5E150020C16B /* MenuViewController.swift in Sources */ = {isa = PBXBuildFile; fileRef = 7717BB9F2A0A5E150020C16B /* MenuViewController.swift */; };
		7717BBA22A0A62EE0020C16B /* GameViewController.swift in Sources */ = {isa = PBXBuildFile; fileRef = 7717BBA12A0A62EE0020C16B /* GameViewController.swift */; };
		7717BBA42A0A82DF0020C16B /* GridView.swift in Sources */ = {isa = PBXBuildFile; fileRef = 7717BBA32A0A82DF0020C16B /* GridView.swift */; };
		7717BBA62A0A91450020C16B /* KeyboardView.swift in Sources */ = {isa = PBXBuildFile; fileRef = 7717BBA52A0A91450020C16B /* KeyboardView.swift */; };
		7717BBA82A0AC6760020C16B /* GameMenuView.swift in Sources */ = {isa = PBXBuildFile; fileRef = 7717BBA72A0AC6760020C16B /* GameMenuView.swift */; };
		7717BBAA2A0ACE620020C16B /* MenuView.swift in Sources */ = {isa = PBXBuildFile; fileRef = 7717BBA92A0ACE620020C16B /* MenuView.swift */; };
		7717BBAC2A0AD2DD0020C16B /* ConstructorViewController.swift in Sources */ = {isa = PBXBuildFile; fileRef = 7717BBAB2A0AD2DD0020C16B /* ConstructorViewController.swift */; };
		773353A329FFBA3A0030AF83 /* Vision.framework in Frameworks */ = {isa = PBXBuildFile; fileRef = 773353A229FFBA3A0030AF83 /* Vision.framework */; };
		773353A52A05034E0030AF83 /* UIViewPin.swift in Sources */ = {isa = PBXBuildFile; fileRef = 773353A42A05034E0030AF83 /* UIViewPin.swift */; };
		773353A72A0505F70030AF83 /* Content.xcassets in Resources */ = {isa = PBXBuildFile; fileRef = 773353A62A0505F70030AF83 /* Content.xcassets */; };
		776F1BB629BCF893005F752A /* SudokuGenerator.swift in Sources */ = {isa = PBXBuildFile; fileRef = 776F1BB529BCF893005F752A /* SudokuGenerator.swift */; };
		776F1BB829BCFEA2005F752A /* SudokuSolver.swift in Sources */ = {isa = PBXBuildFile; fileRef = 776F1BB729BCFEA2005F752A /* SudokuSolver.swift */; };
		778E465929B8F0470083C588 /* AppDelegate.swift in Sources */ = {isa = PBXBuildFile; fileRef = 778E465829B8F0470083C588 /* AppDelegate.swift */; };
		778E465B29B8F0470083C588 /* SceneDelegate.swift in Sources */ = {isa = PBXBuildFile; fileRef = 778E465A29B8F0470083C588 /* SceneDelegate.swift */; };
		778E465D29B8F0470083C588 /* ViewController.swift in Sources */ = {isa = PBXBuildFile; fileRef = 778E465C29B8F0470083C588 /* ViewController.swift */; };
		778E466029B8F0470083C588 /* Main.storyboard in Resources */ = {isa = PBXBuildFile; fileRef = 778E465E29B8F0470083C588 /* Main.storyboard */; };
		778E466229B8F0480083C588 /* Assets.xcassets in Resources */ = {isa = PBXBuildFile; fileRef = 778E466129B8F0480083C588 /* Assets.xcassets */; };
		778E466529B8F0480083C588 /* LaunchScreen.storyboard in Resources */ = {isa = PBXBuildFile; fileRef = 778E466329B8F0480083C588 /* LaunchScreen.storyboard */; };
/* End PBXBuildFile section */

/* Begin PBXFileReference section */
		7717BB9F2A0A5E150020C16B /* MenuViewController.swift */ = {isa = PBXFileReference; lastKnownFileType = sourcecode.swift; path = MenuViewController.swift; sourceTree = "<group>"; };
		7717BBA12A0A62EE0020C16B /* GameViewController.swift */ = {isa = PBXFileReference; lastKnownFileType = sourcecode.swift; path = GameViewController.swift; sourceTree = "<group>"; };
		7717BBA32A0A82DF0020C16B /* GridView.swift */ = {isa = PBXFileReference; lastKnownFileType = sourcecode.swift; path = GridView.swift; sourceTree = "<group>"; };
		7717BBA52A0A91450020C16B /* KeyboardView.swift */ = {isa = PBXFileReference; lastKnownFileType = sourcecode.swift; path = KeyboardView.swift; sourceTree = "<group>"; };
		7717BBA72A0AC6760020C16B /* GameMenuView.swift */ = {isa = PBXFileReference; lastKnownFileType = sourcecode.swift; path = GameMenuView.swift; sourceTree = "<group>"; };
		7717BBA92A0ACE620020C16B /* MenuView.swift */ = {isa = PBXFileReference; lastKnownFileType = sourcecode.swift; path = MenuView.swift; sourceTree = "<group>"; };
		7717BBAB2A0AD2DD0020C16B /* ConstructorViewController.swift */ = {isa = PBXFileReference; lastKnownFileType = sourcecode.swift; path = ConstructorViewController.swift; sourceTree = "<group>"; };
		773353A229FFBA3A0030AF83 /* Vision.framework */ = {isa = PBXFileReference; lastKnownFileType = wrapper.framework; name = Vision.framework; path = System/Library/Frameworks/Vision.framework; sourceTree = SDKROOT; };
		773353A42A05034E0030AF83 /* UIViewPin.swift */ = {isa = PBXFileReference; lastKnownFileType = sourcecode.swift; path = UIViewPin.swift; sourceTree = "<group>"; };
		773353A62A0505F70030AF83 /* Content.xcassets */ = {isa = PBXFileReference; lastKnownFileType = folder.assetcatalog; path = Content.xcassets; sourceTree = "<group>"; };
		776F1BB529BCF893005F752A /* SudokuGenerator.swift */ = {isa = PBXFileReference; lastKnownFileType = sourcecode.swift; path = SudokuGenerator.swift; sourceTree = "<group>"; };
		776F1BB729BCFEA2005F752A /* SudokuSolver.swift */ = {isa = PBXFileReference; lastKnownFileType = sourcecode.swift; path = SudokuSolver.swift; sourceTree = "<group>"; };
		778E465529B8F0470083C588 /* SudokuApp.app */ = {isa = PBXFileReference; explicitFileType = wrapper.application; includeInIndex = 0; path = SudokuApp.app; sourceTree = BUILT_PRODUCTS_DIR; };
		778E465829B8F0470083C588 /* AppDelegate.swift */ = {isa = PBXFileReference; lastKnownFileType = sourcecode.swift; path = AppDelegate.swift; sourceTree = "<group>"; };
		778E465A29B8F0470083C588 /* SceneDelegate.swift */ = {isa = PBXFileReference; lastKnownFileType = sourcecode.swift; path = SceneDelegate.swift; sourceTree = "<group>"; };
		778E465C29B8F0470083C588 /* ViewController.swift */ = {isa = PBXFileReference; lastKnownFileType = sourcecode.swift; path = ViewController.swift; sourceTree = "<group>"; };
		778E465F29B8F0470083C588 /* Base */ = {isa = PBXFileReference; lastKnownFileType = file.storyboard; name = Base; path = Base.lproj/Main.storyboard; sourceTree = "<group>"; };
		778E466129B8F0480083C588 /* Assets.xcassets */ = {isa = PBXFileReference; lastKnownFileType = folder.assetcatalog; path = Assets.xcassets; sourceTree = "<group>"; };
		778E466429B8F0480083C588 /* Base */ = {isa = PBXFileReference; lastKnownFileType = file.storyboard; name = Base; path = Base.lproj/LaunchScreen.storyboard; sourceTree = "<group>"; };
		778E466629B8F0480083C588 /* Info.plist */ = {isa = PBXFileReference; lastKnownFileType = text.plist.xml; path = Info.plist; sourceTree = "<group>"; };
/* End PBXFileReference section */

/* Begin PBXFrameworksBuildPhase section */
		778E465229B8F0470083C588 /* Frameworks */ = {
			isa = PBXFrameworksBuildPhase;
			buildActionMask = 2147483647;
			files = (
				773353A329FFBA3A0030AF83 /* Vision.framework in Frameworks */,
			);
			runOnlyForDeploymentPostprocessing = 0;
		};
/* End PBXFrameworksBuildPhase section */

/* Begin PBXGroup section */
		7717BB9C2A0A5B380020C16B /* Models */ = {
			isa = PBXGroup;
			children = (
				776F1BB729BCFEA2005F752A /* SudokuSolver.swift */,
				776F1BB529BCF893005F752A /* SudokuGenerator.swift */,
			);
			path = Models;
			sourceTree = "<group>";
		};
		7717BB9D2A0A5B680020C16B /* Views */ = {
			isa = PBXGroup;
			children = (
				7717BBA32A0A82DF0020C16B /* GridView.swift */,
				7717BBA52A0A91450020C16B /* KeyboardView.swift */,
				7717BBA72A0AC6760020C16B /* GameMenuView.swift */,
				7717BBA92A0ACE620020C16B /* MenuView.swift */,
			);
			path = Views;
			sourceTree = "<group>";
		};
		7717BB9E2A0A5B760020C16B /* Controllers */ = {
			isa = PBXGroup;
			children = (
				7717BB9F2A0A5E150020C16B /* MenuViewController.swift */,
				7717BBA12A0A62EE0020C16B /* GameViewController.swift */,
				7717BBAB2A0AD2DD0020C16B /* ConstructorViewController.swift */,
			);
			path = Controllers;
			sourceTree = "<group>";
		};
		7717BBAD2A0AD37F0020C16B /* Extensions */ = {
			isa = PBXGroup;
			children = (
				773353A42A05034E0030AF83 /* UIViewPin.swift */,
			);
			path = Extensions;
			sourceTree = "<group>";
		};
		773353A129FFBA3A0030AF83 /* Frameworks */ = {
			isa = PBXGroup;
			children = (
				773353A229FFBA3A0030AF83 /* Vision.framework */,
			);
			name = Frameworks;
			sourceTree = "<group>";
		};
		778E464C29B8F0470083C588 = {
			isa = PBXGroup;
			children = (
				773353A62A0505F70030AF83 /* Content.xcassets */,
				778E465729B8F0470083C588 /* SudokuApp */,
				778E465629B8F0470083C588 /* Products */,
				773353A129FFBA3A0030AF83 /* Frameworks */,
			);
			sourceTree = "<group>";
		};
		778E465629B8F0470083C588 /* Products */ = {
			isa = PBXGroup;
			children = (
				778E465529B8F0470083C588 /* SudokuApp.app */,
			);
			name = Products;
			sourceTree = "<group>";
		};
		778E465729B8F0470083C588 /* SudokuApp */ = {
			isa = PBXGroup;
			children = (
				7717BBAD2A0AD37F0020C16B /* Extensions */,
				7717BB9E2A0A5B760020C16B /* Controllers */,
				7717BB9D2A0A5B680020C16B /* Views */,
				7717BB9C2A0A5B380020C16B /* Models */,
				778E465829B8F0470083C588 /* AppDelegate.swift */,
				778E465A29B8F0470083C588 /* SceneDelegate.swift */,
				778E465C29B8F0470083C588 /* ViewController.swift */,
				778E465E29B8F0470083C588 /* Main.storyboard */,
				778E466129B8F0480083C588 /* Assets.xcassets */,
				778E466329B8F0480083C588 /* LaunchScreen.storyboard */,
				778E466629B8F0480083C588 /* Info.plist */,
			);
			path = SudokuApp;
			sourceTree = "<group>";
		};
/* End PBXGroup section */

/* Begin PBXNativeTarget section */
		778E465429B8F0470083C588 /* SudokuApp */ = {
			isa = PBXNativeTarget;
			buildConfigurationList = 778E466929B8F0480083C588 /* Build configuration list for PBXNativeTarget "SudokuApp" */;
			buildPhases = (
				778E465129B8F0470083C588 /* Sources */,
				778E465229B8F0470083C588 /* Frameworks */,
				778E465329B8F0470083C588 /* Resources */,
			);
			buildRules = (
			);
			dependencies = (
			);
			name = SudokuApp;
			productName = SudokuApp;
			productReference = 778E465529B8F0470083C588 /* SudokuApp.app */;
			productType = "com.apple.product-type.application";
		};
/* End PBXNativeTarget section */

/* Begin PBXProject section */
		778E464D29B8F0470083C588 /* Project object */ = {
			isa = PBXProject;
			attributes = {
				BuildIndependentTargetsInParallel = 1;
				KnownAssetTags = (
					New,
				);
				LastSwiftUpdateCheck = 1340;
				LastUpgradeCheck = 1340;
				TargetAttributes = {
					778E465429B8F0470083C588 = {
						CreatedOnToolsVersion = 13.4.1;
					};
				};
			};
			buildConfigurationList = 778E465029B8F0470083C588 /* Build configuration list for PBXProject "SudokuApp" */;
			compatibilityVersion = "Xcode 13.0";
			developmentRegion = en;
			hasScannedForEncodings = 0;
			knownRegions = (
				en,
				Base,
			);
			mainGroup = 778E464C29B8F0470083C588;
			productRefGroup = 778E465629B8F0470083C588 /* Products */;
			projectDirPath = "";
			projectRoot = "";
			targets = (
				778E465429B8F0470083C588 /* SudokuApp */,
			);
		};
/* End PBXProject section */

/* Begin PBXResourcesBuildPhase section */
		778E465329B8F0470083C588 /* Resources */ = {
			isa = PBXResourcesBuildPhase;
			buildActionMask = 2147483647;
			files = (
				778E466529B8F0480083C588 /* LaunchScreen.storyboard in Resources */,
				778E466229B8F0480083C588 /* Assets.xcassets in Resources */,
				778E466029B8F0470083C588 /* Main.storyboard in Resources */,
				773353A72A0505F70030AF83 /* Content.xcassets in Resources */,
			);
			runOnlyForDeploymentPostprocessing = 0;
		};
/* End PBXResourcesBuildPhase section */

/* Begin PBXSourcesBuildPhase section */
		778E465129B8F0470083C588 /* Sources */ = {
			isa = PBXSourcesBuildPhase;
			buildActionMask = 2147483647;
			files = (
				773353A52A05034E0030AF83 /* UIViewPin.swift in Sources */,
				7717BBAA2A0ACE620020C16B /* MenuView.swift in Sources */,
				776F1BB629BCF893005F752A /* SudokuGenerator.swift in Sources */,
				778E465D29B8F0470083C588 /* ViewController.swift in Sources */,
				7717BBA62A0A91450020C16B /* KeyboardView.swift in Sources */,
				7717BBA02A0A5E150020C16B /* MenuViewController.swift in Sources */,
				7717BBA22A0A62EE0020C16B /* GameViewController.swift in Sources */,
				7717BBAC2A0AD2DD0020C16B /* ConstructorViewController.swift in Sources */,
				778E465929B8F0470083C588 /* AppDelegate.swift in Sources */,
				7717BBA82A0AC6760020C16B /* GameMenuView.swift in Sources */,
				778E465B29B8F0470083C588 /* SceneDelegate.swift in Sources */,
				7717BBA42A0A82DF0020C16B /* GridView.swift in Sources */,
				776F1BB829BCFEA2005F752A /* SudokuSolver.swift in Sources */,
			);
			runOnlyForDeploymentPostprocessing = 0;
		};
/* End PBXSourcesBuildPhase section */

/* Begin PBXVariantGroup section */
		778E465E29B8F0470083C588 /* Main.storyboard */ = {
			isa = PBXVariantGroup;
			children = (
				778E465F29B8F0470083C588 /* Base */,
			);
			name = Main.storyboard;
			sourceTree = "<group>";
		};
		778E466329B8F0480083C588 /* LaunchScreen.storyboard */ = {
			isa = PBXVariantGroup;
			children = (
				778E466429B8F0480083C588 /* Base */,
			);
			name = LaunchScreen.storyboard;
			sourceTree = "<group>";
		};
/* End PBXVariantGroup section */

/* Begin XCBuildConfiguration section */
		778E466729B8F0480083C588 /* Debug */ = {
			isa = XCBuildConfiguration;
			buildSettings = {
				ALWAYS_SEARCH_USER_PATHS = NO;
				CLANG_ANALYZER_NONNULL = YES;
				CLANG_ANALYZER_NUMBER_OBJECT_CONVERSION = YES_AGGRESSIVE;
				CLANG_CXX_LANGUAGE_STANDARD = "gnu++17";
				CLANG_ENABLE_MODULES = YES;
				CLANG_ENABLE_OBJC_ARC = YES;
				CLANG_ENABLE_OBJC_WEAK = YES;
				CLANG_WARN_BLOCK_CAPTURE_AUTORELEASING = YES;
				CLANG_WARN_BOOL_CONVERSION = YES;
				CLANG_WARN_COMMA = YES;
				CLANG_WARN_CONSTANT_CONVERSION = YES;
				CLANG_WARN_DEPRECATED_OBJC_IMPLEMENTATIONS = YES;
				CLANG_WARN_DIRECT_OBJC_ISA_USAGE = YES_ERROR;
				CLANG_WARN_DOCUMENTATION_COMMENTS = YES;
				CLANG_WARN_EMPTY_BODY = YES;
				CLANG_WARN_ENUM_CONVERSION = YES;
				CLANG_WARN_INFINITE_RECURSION = YES;
				CLANG_WARN_INT_CONVERSION = YES;
				CLANG_WARN_NON_LITERAL_NULL_CONVERSION = YES;
				CLANG_WARN_OBJC_IMPLICIT_RETAIN_SELF = YES;
				CLANG_WARN_OBJC_LITERAL_CONVERSION = YES;
				CLANG_WARN_OBJC_ROOT_CLASS = YES_ERROR;
				CLANG_WARN_QUOTED_INCLUDE_IN_FRAMEWORK_HEADER = YES;
				CLANG_WARN_RANGE_LOOP_ANALYSIS = YES;
				CLANG_WARN_STRICT_PROTOTYPES = YES;
				CLANG_WARN_SUSPICIOUS_MOVE = YES;
				CLANG_WARN_UNGUARDED_AVAILABILITY = YES_AGGRESSIVE;
				CLANG_WARN_UNREACHABLE_CODE = YES;
				CLANG_WARN__DUPLICATE_METHOD_MATCH = YES;
				COPY_PHASE_STRIP = NO;
				DEBUG_INFORMATION_FORMAT = dwarf;
				ENABLE_STRICT_OBJC_MSGSEND = YES;
				ENABLE_TESTABILITY = YES;
				GCC_C_LANGUAGE_STANDARD = gnu11;
				GCC_DYNAMIC_NO_PIC = NO;
				GCC_NO_COMMON_BLOCKS = YES;
				GCC_OPTIMIZATION_LEVEL = 0;
				GCC_PREPROCESSOR_DEFINITIONS = (
					"DEBUG=1",
					"$(inherited)",
				);
				GCC_WARN_64_TO_32_BIT_CONVERSION = YES;
				GCC_WARN_ABOUT_RETURN_TYPE = YES_ERROR;
				GCC_WARN_UNDECLARED_SELECTOR = YES;
				GCC_WARN_UNINITIALIZED_AUTOS = YES_AGGRESSIVE;
				GCC_WARN_UNUSED_FUNCTION = YES;
				GCC_WARN_UNUSED_VARIABLE = YES;
				IPHONEOS_DEPLOYMENT_TARGET = 15.5;
				MTL_ENABLE_DEBUG_INFO = INCLUDE_SOURCE;
				MTL_FAST_MATH = YES;
				ONLY_ACTIVE_ARCH = YES;
				SDKROOT = iphoneos;
				SWIFT_ACTIVE_COMPILATION_CONDITIONS = DEBUG;
				SWIFT_OPTIMIZATION_LEVEL = "-Onone";
			};
			name = Debug;
		};
		778E466829B8F0480083C588 /* Release */ = {
			isa = XCBuildConfiguration;
			buildSettings = {
				ALWAYS_SEARCH_USER_PATHS = NO;
				CLANG_ANALYZER_NONNULL = YES;
				CLANG_ANALYZER_NUMBER_OBJECT_CONVERSION = YES_AGGRESSIVE;
				CLANG_CXX_LANGUAGE_STANDARD = "gnu++17";
				CLANG_ENABLE_MODULES = YES;
				CLANG_ENABLE_OBJC_ARC = YES;
				CLANG_ENABLE_OBJC_WEAK = YES;
				CLANG_WARN_BLOCK_CAPTURE_AUTORELEASING = YES;
				CLANG_WARN_BOOL_CONVERSION = YES;
				CLANG_WARN_COMMA = YES;
				CLANG_WARN_CONSTANT_CONVERSION = YES;
				CLANG_WARN_DEPRECATED_OBJC_IMPLEMENTATIONS = YES;
				CLANG_WARN_DIRECT_OBJC_ISA_USAGE = YES_ERROR;
				CLANG_WARN_DOCUMENTATION_COMMENTS = YES;
				CLANG_WARN_EMPTY_BODY = YES;
				CLANG_WARN_ENUM_CONVERSION = YES;
				CLANG_WARN_INFINITE_RECURSION = YES;
				CLANG_WARN_INT_CONVERSION = YES;
				CLANG_WARN_NON_LITERAL_NULL_CONVERSION = YES;
				CLANG_WARN_OBJC_IMPLICIT_RETAIN_SELF = YES;
				CLANG_WARN_OBJC_LITERAL_CONVERSION = YES;
				CLANG_WARN_OBJC_ROOT_CLASS = YES_ERROR;
				CLANG_WARN_QUOTED_INCLUDE_IN_FRAMEWORK_HEADER = YES;
				CLANG_WARN_RANGE_LOOP_ANALYSIS = YES;
				CLANG_WARN_STRICT_PROTOTYPES = YES;
				CLANG_WARN_SUSPICIOUS_MOVE = YES;
				CLANG_WARN_UNGUARDED_AVAILABILITY = YES_AGGRESSIVE;
				CLANG_WARN_UNREACHABLE_CODE = YES;
				CLANG_WARN__DUPLICATE_METHOD_MATCH = YES;
				COPY_PHASE_STRIP = NO;
				DEBUG_INFORMATION_FORMAT = "dwarf-with-dsym";
				ENABLE_NS_ASSERTIONS = NO;
				ENABLE_STRICT_OBJC_MSGSEND = YES;
				GCC_C_LANGUAGE_STANDARD = gnu11;
				GCC_NO_COMMON_BLOCKS = YES;
				GCC_WARN_64_TO_32_BIT_CONVERSION = YES;
				GCC_WARN_ABOUT_RETURN_TYPE = YES_ERROR;
				GCC_WARN_UNDECLARED_SELECTOR = YES;
				GCC_WARN_UNINITIALIZED_AUTOS = YES_AGGRESSIVE;
				GCC_WARN_UNUSED_FUNCTION = YES;
				GCC_WARN_UNUSED_VARIABLE = YES;
				IPHONEOS_DEPLOYMENT_TARGET = 15.5;
				MTL_ENABLE_DEBUG_INFO = NO;
				MTL_FAST_MATH = YES;
				SDKROOT = iphoneos;
				SWIFT_COMPILATION_MODE = wholemodule;
				SWIFT_OPTIMIZATION_LEVEL = "-O";
				VALIDATE_PRODUCT = YES;
			};
			name = Release;
		};
		778E466A29B8F0480083C588 /* Debug */ = {
			isa = XCBuildConfiguration;
			buildSettings = {
				ASSETCATALOG_COMPILER_APPICON_NAME = AppIcon;
				ASSETCATALOG_COMPILER_GLOBAL_ACCENT_COLOR_NAME = AccentColor;
				CODE_SIGN_STYLE = Automatic;
				CURRENT_PROJECT_VERSION = 1;
				DEVELOPMENT_TEAM = 4PLC628PMH;
				GENERATE_INFOPLIST_FILE = YES;
				INFOPLIST_FILE = SudokuApp/Info.plist;
				INFOPLIST_KEY_UIApplicationSupportsIndirectInputEvents = YES;
				INFOPLIST_KEY_UILaunchStoryboardName = LaunchScreen;
				INFOPLIST_KEY_UIMainStoryboardFile = Main;
				INFOPLIST_KEY_UISupportedInterfaceOrientations_iPad = "UIInterfaceOrientationPortrait UIInterfaceOrientationPortraitUpsideDown UIInterfaceOrientationLandscapeLeft UIInterfaceOrientationLandscapeRight";
				INFOPLIST_KEY_UISupportedInterfaceOrientations_iPhone = "UIInterfaceOrientationPortrait UIInterfaceOrientationLandscapeLeft UIInterfaceOrientationLandscapeRight";
				LD_RUNPATH_SEARCH_PATHS = (
					"$(inherited)",
					"@executable_path/Frameworks",
				);
				MARKETING_VERSION = 1.0;
				PRODUCT_BUNDLE_IDENTIFIER = HSE.SudokuApp;
				PRODUCT_NAME = "$(TARGET_NAME)";
				SWIFT_EMIT_LOC_STRINGS = YES;
				SWIFT_VERSION = 5.0;
				TARGETED_DEVICE_FAMILY = "1,2";
			};
			name = Debug;
		};
		778E466B29B8F0480083C588 /* Release */ = {
			isa = XCBuildConfiguration;
			buildSettings = {
				ASSETCATALOG_COMPILER_APPICON_NAME = AppIcon;
				ASSETCATALOG_COMPILER_GLOBAL_ACCENT_COLOR_NAME = AccentColor;
				CODE_SIGN_STYLE = Automatic;
				CURRENT_PROJECT_VERSION = 1;
				DEVELOPMENT_TEAM = 4PLC628PMH;
				GENERATE_INFOPLIST_FILE = YES;
				INFOPLIST_FILE = SudokuApp/Info.plist;
				INFOPLIST_KEY_UIApplicationSupportsIndirectInputEvents = YES;
				INFOPLIST_KEY_UILaunchStoryboardName = LaunchScreen;
				INFOPLIST_KEY_UIMainStoryboardFile = Main;
				INFOPLIST_KEY_UISupportedInterfaceOrientations_iPad = "UIInterfaceOrientationPortrait UIInterfaceOrientationPortraitUpsideDown UIInterfaceOrientationLandscapeLeft UIInterfaceOrientationLandscapeRight";
				INFOPLIST_KEY_UISupportedInterfaceOrientations_iPhone = "UIInterfaceOrientationPortrait UIInterfaceOrientationLandscapeLeft UIInterfaceOrientationLandscapeRight";
				LD_RUNPATH_SEARCH_PATHS = (
					"$(inherited)",
					"@executable_path/Frameworks",
				);
				MARKETING_VERSION = 1.0;
				PRODUCT_BUNDLE_IDENTIFIER = HSE.SudokuApp;
				PRODUCT_NAME = "$(TARGET_NAME)";
				SWIFT_EMIT_LOC_STRINGS = YES;
				SWIFT_VERSION = 5.0;
				TARGETED_DEVICE_FAMILY = "1,2";
			};
			name = Release;
		};
/* End XCBuildConfiguration section */

/* Begin XCConfigurationList section */
		778E465029B8F0470083C588 /* Build configuration list for PBXProject "SudokuApp" */ = {
			isa = XCConfigurationList;
			buildConfigurations = (
				778E466729B8F0480083C588 /* Debug */,
				778E466829B8F0480083C588 /* Release */,
			);
			defaultConfigurationIsVisible = 0;
			defaultConfigurationName = Release;
		};
		778E466929B8F0480083C588 /* Build configuration list for PBXNativeTarget "SudokuApp" */ = {
			isa = XCConfigurationList;
			buildConfigurations = (
				778E466A29B8F0480083C588 /* Debug */,
				778E466B29B8F0480083C588 /* Release */,
			);
			defaultConfigurationIsVisible = 0;
			defaultConfigurationName = Release;
		};
/* End XCConfigurationList section */
	};
	rootObject = 778E464D29B8F0470083C588 /* Project object */;
}
